
Microsoft Visual Studio Solution File, Format Version 12.00
# Visual Studio 15
VisualStudioVersion = 15.0.27130.2036
MinimumVisualStudioVersion = 10.0.40219.1
Project("{FAE04EC0-301F-11D3-BF4B-00C04F79EFBC}") = "COM3D2.PathsDatMixer", "COM3D2.PathsDatMixer\COM3D2.PathsDatMixer.csproj", "{4E377C30-B3B7-40EC-8BAB-117D570A6967}"
EndProject
Global
	GlobalSection(SolutionConfigurationPlatforms) = preSolution
		Debug|Any CPU = Debug|Any CPU
		Release|Any CPU = Release|Any CPU
	EndGlobalSection
	GlobalSection(ProjectConfigurationPlatforms) = postSolution
		{4E377C30-B3B7-40EC-8BAB-117D570A6967}.Debug|Any CPU.ActiveCfg = Debug|Any CPU
		{4E377C30-B3B7-40EC-8BAB-117D570A6967}.Debug|Any CPU.Build.0 = Debug|Any CPU
		{4E377C30-B3B7-40EC-8BAB-117D570A6967}.Release|Any CPU.ActiveCfg = Release|Any CPU
		{4E377C30-B3B7-40EC-8BAB-117D570A6967}.Release|Any CPU.Build.0 = Release|Any CPU
	EndGlobalSection
	GlobalSection(SolutionProperties) = preSolution
		HideSolutionNode = FALSE
	EndGlobalSection
	GlobalSection(ExtensibilityGlobals) = postSolution
		SolutionGuid = {14F0EEE1-FD07-407B-B2E4-89319030F91A}
	EndGlobalSection
EndGlobal
